
Microsoft Visual Studio Solution File, Format Version 12.00
# Visual Studio Version 17
VisualStudioVersion = 17.0.31903.59
MinimumVisualStudioVersion = 10.0.40219.1
Project("{2150E333-8FDC-42A3-9474-1A3956D46DE8}") = "src", "src", "{C5053F03-6041-4EDC-AFBA-42E4238ADF55}"
EndProject
Project("{9A19103F-16F7-4668-BE54-9A1E7A4F7556}") = "EventsWebApplication.Domain", "src\EventsWebApplication.Domain\EventsWebApplication.Domain.csproj", "{D86DBC47-1DAC-4A32-B749-65AC31C0FAE7}"
EndProject
Global
	GlobalSection(SolutionConfigurationPlatforms) = preSolution
		Debug|Any CPU = Debug|Any CPU
		Release|Any CPU = Release|Any CPU
	EndGlobalSection
	GlobalSection(ProjectConfigurationPlatforms) = postSolution
		{D86DBC47-1DAC-4A32-B749-65AC31C0FAE7}.Debug|Any CPU.ActiveCfg = Debug|Any CPU
		{D86DBC47-1DAC-4A32-B749-65AC31C0FAE7}.Debug|Any CPU.Build.0 = Debug|Any CPU
		{D86DBC47-1DAC-4A32-B749-65AC31C0FAE7}.Release|Any CPU.ActiveCfg = Release|Any CPU
		{D86DBC47-1DAC-4A32-B749-65AC31C0FAE7}.Release|Any CPU.Build.0 = Release|Any CPU
	EndGlobalSection
	GlobalSection(SolutionProperties) = preSolution
		HideSolutionNode = FALSE
	EndGlobalSection
	GlobalSection(NestedProjects) = preSolution
		{D86DBC47-1DAC-4A32-B749-65AC31C0FAE7} = {C5053F03-6041-4EDC-AFBA-42E4238ADF55}
	EndGlobalSection
	GlobalSection(ExtensibilityGlobals) = postSolution
		SolutionGuid = {306E87A2-4242-4583-8ABF-BCBF98831B21}
	EndGlobalSection
EndGlobal
