
Microsoft Visual Studio Solution File, Format Version 12.00
# Visual Studio Version 17
VisualStudioVersion = 17.0.31903.59
MinimumVisualStudioVersion = 10.0.40219.1
Project("{2150E333-8FDC-42A3-9474-1A3956D46DE8}") = "src", "src", "{C5053F03-6041-4EDC-AFBA-42E4238ADF55}"
EndProject
Project("{9A19103F-16F7-4668-BE54-9A1E7A4F7556}") = "EventsWebApplication.Domain", "src\EventsWebApplication.Domain\EventsWebApplication.Domain.csproj", "{D86DBC47-1DAC-4A32-B749-65AC31C0FAE7}"
EndProject
Project("{FAE04EC0-301F-11D3-BF4B-00C04F79EFBC}") = "EventsWebApplication.Infrastructure", "src\EventsWebApplication.Infrastructure\EventsWebApplication.Infrastructure.csproj", "{94F1273B-21D2-4C89-AC17-EF440E4FE831}"
EndProject
Project("{FAE04EC0-301F-11D3-BF4B-00C04F79EFBC}") = "EventsWebApplication.Application", "src\EventsWebApplication.Application\EventsWebApplication.Application.csproj", "{587D5487-B52C-49AB-A379-FFB6D33C9A94}"
EndProject
Project("{FAE04EC0-301F-11D3-BF4B-00C04F79EFBC}") = "EventsWebApplication.Presentation", "src\EventsWebApplication.Presentation\EventsWebApplication.Presentation.csproj", "{43781A34-18F5-4D3C-ADC5-98B34E86FF55}"
EndProject
Project("{FAE04EC0-301F-11D3-BF4B-00C04F79EFBC}") = "EventsWebApplication.Tests", "src\EventsWebApplication.Tests\EventsWebApplication.Tests.csproj", "{7FDD1F36-9AC3-47DC-8FF2-797EAEFEBD82}"
EndProject
Global
	GlobalSection(SolutionConfigurationPlatforms) = preSolution
		Debug|Any CPU = Debug|Any CPU
		Release|Any CPU = Release|Any CPU
	EndGlobalSection
	GlobalSection(ProjectConfigurationPlatforms) = postSolution
		{D86DBC47-1DAC-4A32-B749-65AC31C0FAE7}.Debug|Any CPU.ActiveCfg = Debug|Any CPU
		{D86DBC47-1DAC-4A32-B749-65AC31C0FAE7}.Debug|Any CPU.Build.0 = Debug|Any CPU
		{D86DBC47-1DAC-4A32-B749-65AC31C0FAE7}.Release|Any CPU.ActiveCfg = Release|Any CPU
		{D86DBC47-1DAC-4A32-B749-65AC31C0FAE7}.Release|Any CPU.Build.0 = Release|Any CPU
		{94F1273B-21D2-4C89-AC17-EF440E4FE831}.Debug|Any CPU.ActiveCfg = Debug|Any CPU
		{94F1273B-21D2-4C89-AC17-EF440E4FE831}.Debug|Any CPU.Build.0 = Debug|Any CPU
		{94F1273B-21D2-4C89-AC17-EF440E4FE831}.Release|Any CPU.ActiveCfg = Release|Any CPU
		{94F1273B-21D2-4C89-AC17-EF440E4FE831}.Release|Any CPU.Build.0 = Release|Any CPU
		{587D5487-B52C-49AB-A379-FFB6D33C9A94}.Debug|Any CPU.ActiveCfg = Debug|Any CPU
		{587D5487-B52C-49AB-A379-FFB6D33C9A94}.Debug|Any CPU.Build.0 = Debug|Any CPU
		{587D5487-B52C-49AB-A379-FFB6D33C9A94}.Release|Any CPU.ActiveCfg = Release|Any CPU
		{587D5487-B52C-49AB-A379-FFB6D33C9A94}.Release|Any CPU.Build.0 = Release|Any CPU
		{43781A34-18F5-4D3C-ADC5-98B34E86FF55}.Debug|Any CPU.ActiveCfg = Debug|Any CPU
		{43781A34-18F5-4D3C-ADC5-98B34E86FF55}.Debug|Any CPU.Build.0 = Debug|Any CPU
		{43781A34-18F5-4D3C-ADC5-98B34E86FF55}.Release|Any CPU.ActiveCfg = Release|Any CPU
		{43781A34-18F5-4D3C-ADC5-98B34E86FF55}.Release|Any CPU.Build.0 = Release|Any CPU
		{7FDD1F36-9AC3-47DC-8FF2-797EAEFEBD82}.Debug|Any CPU.ActiveCfg = Debug|Any CPU
		{7FDD1F36-9AC3-47DC-8FF2-797EAEFEBD82}.Debug|Any CPU.Build.0 = Debug|Any CPU
		{7FDD1F36-9AC3-47DC-8FF2-797EAEFEBD82}.Release|Any CPU.ActiveCfg = Release|Any CPU
		{7FDD1F36-9AC3-47DC-8FF2-797EAEFEBD82}.Release|Any CPU.Build.0 = Release|Any CPU
	EndGlobalSection
	GlobalSection(SolutionProperties) = preSolution
		HideSolutionNode = FALSE
	EndGlobalSection
	GlobalSection(NestedProjects) = preSolution
		{D86DBC47-1DAC-4A32-B749-65AC31C0FAE7} = {C5053F03-6041-4EDC-AFBA-42E4238ADF55}
		{94F1273B-21D2-4C89-AC17-EF440E4FE831} = {C5053F03-6041-4EDC-AFBA-42E4238ADF55}
		{587D5487-B52C-49AB-A379-FFB6D33C9A94} = {C5053F03-6041-4EDC-AFBA-42E4238ADF55}
		{43781A34-18F5-4D3C-ADC5-98B34E86FF55} = {C5053F03-6041-4EDC-AFBA-42E4238ADF55}
		{7FDD1F36-9AC3-47DC-8FF2-797EAEFEBD82} = {C5053F03-6041-4EDC-AFBA-42E4238ADF55}
	EndGlobalSection
	GlobalSection(ExtensibilityGlobals) = postSolution
		SolutionGuid = {306E87A2-4242-4583-8ABF-BCBF98831B21}
	EndGlobalSection
EndGlobal
